
Microsoft Visual Studio Solution File, Format Version 12.00
# Visual Studio Version 17
VisualStudioVersion = 17.9.34728.123
MinimumVisualStudioVersion = 10.0.40219.1
Project("{9A19103F-16F7-4668-BE54-9A1E7A4F7556}") = "WebApiForHikka.WebApi", "WebApiForHikka\WebApiForHikka.WebApi.csproj", "{F160FB14-D9D1-4E4D-905A-1680B3D8CB8F}"
EndProject
Project("{9A19103F-16F7-4668-BE54-9A1E7A4F7556}") = "WebApiForHikka.Constants", "WebApiForHikka.Constants\WebApiForHikka.Constants.csproj", "{73D4E575-90BC-4DCF-BCAC-89CB2307CF01}"
EndProject
Project("{9A19103F-16F7-4668-BE54-9A1E7A4F7556}") = "WebApiForHikka.Domain", "WebApiForHikka.Domain\WebApiForHikka.Domain.csproj", "{AC23C15B-9BF0-4108-A390-B3F03BB0EBBA}"
EndProject
Project("{9A19103F-16F7-4668-BE54-9A1E7A4F7556}") = "WebApiForHikka.Application", "WebApiForHikka.Application\WebApiForHikka.Application.csproj", "{18DFA5C7-37FE-4107-A410-DED53C8F8BA7}"
EndProject
Project("{9A19103F-16F7-4668-BE54-9A1E7A4F7556}") = "WebApiForHikka.EfPersistence", "WebApiForHikka.EfPersistence\WebApiForHikka.EfPersistence.csproj", "{D2BE0E6E-D1D9-493D-8400-DA5D0108D29C}"
EndProject
Project("{9A19103F-16F7-4668-BE54-9A1E7A4F7556}") = "WebApiForHikka.Dtos", "WebApiForHikka.Dtos\WebApiForHikka.Dtos.csproj", "{A1B7B9D9-30F4-4744-B997-F9D3E2A820BE}"
EndProject
Project("{9A19103F-16F7-4668-BE54-9A1E7A4F7556}") = "WebApiForHikka.Test", "WebApiForHikka.WebApiTest\WebApiForHikka.Test.csproj", "{72F2DF7D-C522-4B76-8EC9-6D0C0166CE1E}"
EndProject
Project("{9A19103F-16F7-4668-BE54-9A1E7A4F7556}") = "WebApiForHikka.SharedFunction", "WebApiForHikka.SharedFunction\WebApiForHikka.SharedFunction.csproj", "{CF5C01C1-E0E1-4252-9075-23C0FA0C41F5}"
EndProject
Project("{9A19103F-16F7-4668-BE54-9A1E7A4F7556}") = "WebApiForHikka.SharedModels", "WebApiForHikka.SharedModels\WebApiForHikka.SharedModels.csproj", "{DC4F51AA-41FF-4820-8891-16166A280C95}"
	ProjectSection(ProjectDependencies) = postProject
		{A1B7B9D9-30F4-4744-B997-F9D3E2A820BE} = {A1B7B9D9-30F4-4744-B997-F9D3E2A820BE}
		{AC23C15B-9BF0-4108-A390-B3F03BB0EBBA} = {AC23C15B-9BF0-4108-A390-B3F03BB0EBBA}
	EndProjectSection
EndProject
Project("{FAE04EC0-301F-11D3-BF4B-00C04F79EFBC}") = "WebApiForHikka.AppHost", "WebApiForHikka.AppHost\WebApiForHikka.AppHost.csproj", "{BF1378C7-FA44-4899-83B5-05EE2416CC3C}"
EndProject
Project("{9A19103F-16F7-4668-BE54-9A1E7A4F7556}") = "WebApiForHikka.ServiceDefaults", "WebApiForHikka.ServiceDefaults\WebApiForHikka.ServiceDefaults.csproj", "{904E0394-2F5C-4E44-BA18-3C7ABD0A440C}"
EndProject
Global
	GlobalSection(SolutionConfigurationPlatforms) = preSolution
		Debug|Any CPU = Debug|Any CPU
		Release|Any CPU = Release|Any CPU
	EndGlobalSection
	GlobalSection(ProjectConfigurationPlatforms) = postSolution
		{F160FB14-D9D1-4E4D-905A-1680B3D8CB8F}.Debug|Any CPU.ActiveCfg = Debug|Any CPU
		{F160FB14-D9D1-4E4D-905A-1680B3D8CB8F}.Debug|Any CPU.Build.0 = Debug|Any CPU
		{F160FB14-D9D1-4E4D-905A-1680B3D8CB8F}.Release|Any CPU.ActiveCfg = Release|Any CPU
		{F160FB14-D9D1-4E4D-905A-1680B3D8CB8F}.Release|Any CPU.Build.0 = Release|Any CPU
		{73D4E575-90BC-4DCF-BCAC-89CB2307CF01}.Debug|Any CPU.ActiveCfg = Debug|Any CPU
		{73D4E575-90BC-4DCF-BCAC-89CB2307CF01}.Debug|Any CPU.Build.0 = Debug|Any CPU
		{73D4E575-90BC-4DCF-BCAC-89CB2307CF01}.Release|Any CPU.ActiveCfg = Release|Any CPU
		{73D4E575-90BC-4DCF-BCAC-89CB2307CF01}.Release|Any CPU.Build.0 = Release|Any CPU
		{AC23C15B-9BF0-4108-A390-B3F03BB0EBBA}.Debug|Any CPU.ActiveCfg = Debug|Any CPU
		{AC23C15B-9BF0-4108-A390-B3F03BB0EBBA}.Debug|Any CPU.Build.0 = Debug|Any CPU
		{AC23C15B-9BF0-4108-A390-B3F03BB0EBBA}.Release|Any CPU.ActiveCfg = Release|Any CPU
		{AC23C15B-9BF0-4108-A390-B3F03BB0EBBA}.Release|Any CPU.Build.0 = Release|Any CPU
		{18DFA5C7-37FE-4107-A410-DED53C8F8BA7}.Debug|Any CPU.ActiveCfg = Debug|Any CPU
		{18DFA5C7-37FE-4107-A410-DED53C8F8BA7}.Debug|Any CPU.Build.0 = Debug|Any CPU
		{18DFA5C7-37FE-4107-A410-DED53C8F8BA7}.Release|Any CPU.ActiveCfg = Release|Any CPU
		{18DFA5C7-37FE-4107-A410-DED53C8F8BA7}.Release|Any CPU.Build.0 = Release|Any CPU
		{D2BE0E6E-D1D9-493D-8400-DA5D0108D29C}.Debug|Any CPU.ActiveCfg = Debug|Any CPU
		{D2BE0E6E-D1D9-493D-8400-DA5D0108D29C}.Debug|Any CPU.Build.0 = Debug|Any CPU
		{D2BE0E6E-D1D9-493D-8400-DA5D0108D29C}.Release|Any CPU.ActiveCfg = Release|Any CPU
		{D2BE0E6E-D1D9-493D-8400-DA5D0108D29C}.Release|Any CPU.Build.0 = Release|Any CPU
		{A1B7B9D9-30F4-4744-B997-F9D3E2A820BE}.Debug|Any CPU.ActiveCfg = Debug|Any CPU
		{A1B7B9D9-30F4-4744-B997-F9D3E2A820BE}.Debug|Any CPU.Build.0 = Debug|Any CPU
		{A1B7B9D9-30F4-4744-B997-F9D3E2A820BE}.Release|Any CPU.ActiveCfg = Release|Any CPU
		{A1B7B9D9-30F4-4744-B997-F9D3E2A820BE}.Release|Any CPU.Build.0 = Release|Any CPU
		{72F2DF7D-C522-4B76-8EC9-6D0C0166CE1E}.Debug|Any CPU.ActiveCfg = Debug|Any CPU
		{72F2DF7D-C522-4B76-8EC9-6D0C0166CE1E}.Debug|Any CPU.Build.0 = Debug|Any CPU
		{72F2DF7D-C522-4B76-8EC9-6D0C0166CE1E}.Release|Any CPU.ActiveCfg = Release|Any CPU
		{72F2DF7D-C522-4B76-8EC9-6D0C0166CE1E}.Release|Any CPU.Build.0 = Release|Any CPU
		{CF5C01C1-E0E1-4252-9075-23C0FA0C41F5}.Debug|Any CPU.ActiveCfg = Debug|Any CPU
		{CF5C01C1-E0E1-4252-9075-23C0FA0C41F5}.Debug|Any CPU.Build.0 = Debug|Any CPU
		{CF5C01C1-E0E1-4252-9075-23C0FA0C41F5}.Release|Any CPU.ActiveCfg = Release|Any CPU
		{CF5C01C1-E0E1-4252-9075-23C0FA0C41F5}.Release|Any CPU.Build.0 = Release|Any CPU
		{DC4F51AA-41FF-4820-8891-16166A280C95}.Debug|Any CPU.ActiveCfg = Debug|Any CPU
		{DC4F51AA-41FF-4820-8891-16166A280C95}.Debug|Any CPU.Build.0 = Debug|Any CPU
		{DC4F51AA-41FF-4820-8891-16166A280C95}.Release|Any CPU.ActiveCfg = Release|Any CPU
		{DC4F51AA-41FF-4820-8891-16166A280C95}.Release|Any CPU.Build.0 = Release|Any CPU
		{BF1378C7-FA44-4899-83B5-05EE2416CC3C}.Debug|Any CPU.ActiveCfg = Debug|Any CPU
		{BF1378C7-FA44-4899-83B5-05EE2416CC3C}.Debug|Any CPU.Build.0 = Debug|Any CPU
		{BF1378C7-FA44-4899-83B5-05EE2416CC3C}.Release|Any CPU.ActiveCfg = Release|Any CPU
		{BF1378C7-FA44-4899-83B5-05EE2416CC3C}.Release|Any CPU.Build.0 = Release|Any CPU
		{904E0394-2F5C-4E44-BA18-3C7ABD0A440C}.Debug|Any CPU.ActiveCfg = Debug|Any CPU
		{904E0394-2F5C-4E44-BA18-3C7ABD0A440C}.Debug|Any CPU.Build.0 = Debug|Any CPU
		{904E0394-2F5C-4E44-BA18-3C7ABD0A440C}.Release|Any CPU.ActiveCfg = Release|Any CPU
		{904E0394-2F5C-4E44-BA18-3C7ABD0A440C}.Release|Any CPU.Build.0 = Release|Any CPU
	EndGlobalSection
	GlobalSection(SolutionProperties) = preSolution
		HideSolutionNode = FALSE
	EndGlobalSection
	GlobalSection(ExtensibilityGlobals) = postSolution
		SolutionGuid = {59843B6F-6CAF-4E1F-BB0F-BE3B9770CC26}
	EndGlobalSection
EndGlobal
