
Microsoft Visual Studio Solution File, Format Version 12.00
# Visual Studio Version 17
VisualStudioVersion = 17.5.002.0
MinimumVisualStudioVersion = 10.0.40219.1
Project("{9A19103F-16F7-4668-BE54-9A1E7A4F7556}") = "WebApiForHikka.Dtos", "WebApiForHikka.Dtos.csproj", "{67AA6B8F-53D7-4F38-8408-94C391CF591D}"
EndProject
Global
	GlobalSection(SolutionConfigurationPlatforms) = preSolution
		Debug|Any CPU = Debug|Any CPU
		Release|Any CPU = Release|Any CPU
	EndGlobalSection
	GlobalSection(ProjectConfigurationPlatforms) = postSolution
		{67AA6B8F-53D7-4F38-8408-94C391CF591D}.Debug|Any CPU.ActiveCfg = Debug|Any CPU
		{67AA6B8F-53D7-4F38-8408-94C391CF591D}.Debug|Any CPU.Build.0 = Debug|Any CPU
		{67AA6B8F-53D7-4F38-8408-94C391CF591D}.Release|Any CPU.ActiveCfg = Release|Any CPU
		{67AA6B8F-53D7-4F38-8408-94C391CF591D}.Release|Any CPU.Build.0 = Release|Any CPU
	EndGlobalSection
	GlobalSection(SolutionProperties) = preSolution
		HideSolutionNode = FALSE
	EndGlobalSection
	GlobalSection(ExtensibilityGlobals) = postSolution
		SolutionGuid = {F0209E58-F3D0-43E6-9123-3DD472525715}
	EndGlobalSection
EndGlobal
